# This file was autogenerated by uv via the following command:
#    uv pip compile requirements.in -o requirements.lock
aioboto3==15.5.0
    # via nvidia-nat-core
aiobotocore==2.25.1
    # via aioboto3
aiofiles==25.1.0
    # via aioboto3
aiohappyeyeballs==2.6.1
    # via aiohttp
aiohttp==3.13.5
    # via
    #   aiobotocore
    #   langchain-community
    #   langchain-nvidia-ai-endpoints
    #   langchain-tavily
    #   litellm
aioitertools==0.13.0
    # via aiobotocore
aiorwlock==1.5.1
    # via nvidia-nat-mcp
aiosignal==1.4.0
    # via aiohttp
alembic==1.18.4
    # via optuna
annotated-doc==0.0.4
    # via fastapi
annotated-types==0.7.0
    # via pydantic
antlr4-python3-runtime==4.9.3
    # via omegaconf
anyio==4.13.0
    # via
    #   httpx
    #   mcp
    #   openai
    #   sse-starlette
    #   starlette
    #   watchfiles
attrs==26.1.0
    # via
    #   aiohttp
    #   jsonschema
    #   referencing
authlib==1.7.2
    # via nvidia-nat-core
beautifulsoup4==4.14.3
    # via wikipedia
blinker==1.9.0
    # via flask
boto3==1.40.61
    # via
    #   aiobotocore
    #   langchain-aws
botocore==1.40.61
    # via
    #   aiobotocore
    #   boto3
    #   s3transfer
cachetools==7.1.2
    # via pymilvus
certifi==2026.4.22
    # via
    #   httpcore
    #   httpx
    #   requests
cffi==2.0.0
    # via cryptography
charset-normalizer==3.4.7
    # via requests
click==8.4.0
    # via
    #   flask
    #   litellm
    #   nvidia-nat-core
    #   uvicorn
colorama==0.4.6
    # via nvidia-nat-core
colorlog==6.10.1
    # via optuna
cryptography==46.0.7
    # via
    #   authlib
    #   joserfc
    #   langchain-litellm
    #   pyjwt
dataclasses-json==0.6.7
    # via langchain-community
distro==1.9.0
    # via openai
expandvars==1.1.2
    # via nvidia-nat-core
fastapi==0.136.1
    # via nvidia-nat-core
fastuuid==0.14.0
    # via litellm
filelock==3.29.0
    # via huggingface-hub
filetype==1.2.0
    # via langchain-nvidia-ai-endpoints
flask==3.1.3
    # via nvidia-nat-core
frozenlist==1.8.0
    # via
    #   aiohttp
    #   aiosignal
fsspec==2026.4.0
    # via huggingface-hub
googleapis-common-protos==1.75.0
    # via
    #   opentelemetry-exporter-otlp-proto-grpc
    #   opentelemetry-exporter-otlp-proto-http
greenlet==3.5.0
    # via sqlalchemy
grpcio==1.80.0
    # via
    #   opentelemetry-exporter-otlp-proto-grpc
    #   pymilvus
h11==0.16.0
    # via
    #   httpcore
    #   uvicorn
hf-xet==1.5.0
    # via huggingface-hub
httpcore==1.0.9
    # via httpx
httptools==0.7.1
    # via uvicorn
httpx==0.28.1
    # via
    #   langchain-litellm
    #   langgraph-sdk
    #   langsmith
    #   litellm
    #   mcp
    #   nvidia-nat-core
    #   openai
httpx-sse==0.4.3
    # via
    #   langchain-community
    #   mcp
huggingface-hub==0.36.2
    # via
    #   langchain-huggingface
    #   nvidia-nat-core
    #   tokenizers
idna==3.15
    # via
    #   anyio
    #   httpx
    #   requests
    #   yarl
importlib-metadata==8.7.1
    # via
    #   litellm
    #   opentelemetry-api
itsdangerous==2.2.0
    # via flask
jinja2==3.1.6
    # via
    #   flask
    #   litellm
    #   nvidia-nat-core
jiter==0.14.0
    # via openai
jmespath==1.1.0
    # via
    #   aiobotocore
    #   boto3
    #   botocore
joserfc==1.6.5
    # via authlib
jsonpatch==1.33
    # via langchain-core
jsonpath-ng==1.8.0
    # via nvidia-nat-core
jsonpointer==3.1.1
    # via jsonpatch
jsonschema==4.26.0
    # via
    #   litellm
    #   mcp
jsonschema-specifications==2025.9.1
    # via jsonschema
langchain==1.3.1
    # via
    #   langchain-tavily
    #   nvidia-nat-langchain
    #   openevals
langchain-aws==1.1.0
    # via nvidia-nat-langchain
langchain-classic==1.0.7
    # via
    #   langchain-community
    #   nvidia-nat-langchain
langchain-community==0.4.1
    # via nvidia-nat-langchain
langchain-core==1.4.0
    # via
    #   langchain
    #   langchain-aws
    #   langchain-classic
    #   langchain-community
    #   langchain-huggingface
    #   langchain-litellm
    #   langchain-milvus
    #   langchain-nvidia-ai-endpoints
    #   langchain-openai
    #   langchain-tavily
    #   langchain-text-splitters
    #   langgraph
    #   langgraph-checkpoint
    #   langgraph-prebuilt
    #   nvidia-nat-langchain
langchain-huggingface==1.2.2
    # via nvidia-nat-langchain
langchain-litellm==0.6.5
    # via nvidia-nat-langchain
langchain-milvus==0.3.3
    # via nvidia-nat-langchain
langchain-nvidia-ai-endpoints==1.3.0
    # via nvidia-nat-langchain
langchain-openai==1.2.1
    # via
    #   -r requirements.in
    #   nvidia-nat-langchain
    #   openevals
langchain-protocol==0.0.15
    # via langchain-core
langchain-tavily==0.2.18
    # via nvidia-nat-langchain
langchain-text-splitters==1.1.2
    # via langchain-classic
langgraph==1.2.0
    # via
    #   langchain
    #   nvidia-nat-langchain
langgraph-checkpoint==4.1.0
    # via
    #   langgraph
    #   langgraph-prebuilt
langgraph-prebuilt==1.1.0
    # via langgraph
langgraph-sdk==0.3.14
    # via langgraph
langsmith==0.8.5
    # via
    #   langchain-classic
    #   langchain-community
    #   langchain-core
    #   openevals
litellm==1.85.0
    # via langchain-litellm
loguru==0.7.3
    # via -r requirements.in
mako==1.3.12
    # via alembic
markdown-it-py==4.2.0
    # via rich
markupsafe==3.0.3
    # via
    #   flask
    #   jinja2
    #   mako
    #   werkzeug
marshmallow==3.26.2
    # via dataclasses-json
mcp==1.27.1
    # via nvidia-nat-mcp
mdurl==0.1.2
    # via markdown-it-py
multidict==6.7.1
    # via
    #   aiobotocore
    #   aiohttp
    #   yarl
mypy-extensions==1.1.0
    # via typing-inspect
narwhals==2.21.2
    # via plotly
nest-asyncio2==1.7.2
    # via nvidia-nat-core
networkx==3.6.1
    # via nvidia-nat-core
numpy==2.4.5
    # via
    #   langchain-aws
    #   langchain-community
    #   nvidia-nat-core
    #   optuna
    #   pandas
nvidia-nat-atif==1.6.0
    # via
    #   nvidia-nat-core
    #   nvidia-nat-eval
nvidia-nat-core==1.6.0
    # via
    #   -r requirements.in
    #   nvidia-nat-langchain
    #   nvidia-nat-mcp
    #   nvidia-nat-opentelemetry
nvidia-nat-eval==1.6.0
    # via nvidia-nat-langchain
nvidia-nat-langchain==1.6.0
    # via -r requirements.in
nvidia-nat-mcp==1.6.0
    # via -r requirements.in
nvidia-nat-opentelemetry==1.6.0
    # via nvidia-nat-langchain
omegaconf==2.3.0
    # via -r requirements.in
openai==2.37.0
    # via
    #   langchain-openai
    #   litellm
openevals==0.2.0
    # via nvidia-nat-langchain
openinference-semantic-conventions==0.1.29
    # via nvidia-nat-core
opentelemetry-api==1.41.1
    # via
    #   nvidia-nat-opentelemetry
    #   opentelemetry-exporter-otlp-proto-grpc
    #   opentelemetry-exporter-otlp-proto-http
    #   opentelemetry-sdk
    #   opentelemetry-semantic-conventions
opentelemetry-exporter-otlp==1.41.1
    # via nvidia-nat-opentelemetry
opentelemetry-exporter-otlp-proto-common==1.41.1
    # via
    #   opentelemetry-exporter-otlp-proto-grpc
    #   opentelemetry-exporter-otlp-proto-http
opentelemetry-exporter-otlp-proto-grpc==1.41.1
    # via opentelemetry-exporter-otlp
opentelemetry-exporter-otlp-proto-http==1.41.1
    # via opentelemetry-exporter-otlp
opentelemetry-proto==1.41.1
    # via
    #   opentelemetry-exporter-otlp-proto-common
    #   opentelemetry-exporter-otlp-proto-grpc
    #   opentelemetry-exporter-otlp-proto-http
opentelemetry-sdk==1.41.1
    # via
    #   nvidia-nat-opentelemetry
    #   opentelemetry-exporter-otlp-proto-grpc
    #   opentelemetry-exporter-otlp-proto-http
opentelemetry-semantic-conventions==0.62b1
    # via opentelemetry-sdk
optuna==4.8.0
    # via nvidia-nat-core
orjson==3.11.9
    # via
    #   langgraph-sdk
    #   langsmith
    #   pymilvus
ormsgpack==1.12.2
    # via langgraph-checkpoint
packaging==26.2
    # via
    #   huggingface-hub
    #   langchain-core
    #   langsmith
    #   marshmallow
    #   optuna
    #   plotly
pandas==2.3.3
    # via
    #   nvidia-nat-core
    #   pymilvus
pip==26.1.1
    # via nvidia-nat-core
pkce==1.0.3
    # via nvidia-nat-core
pkginfo==1.12.1.2
    # via nvidia-nat-core
platformdirs==4.9.6
    # via nvidia-nat-core
plotly==6.7.0
    # via nvidia-nat-core
propcache==0.5.2
    # via
    #   aiohttp
    #   yarl
protobuf==6.33.6
    # via
    #   googleapis-common-protos
    #   opentelemetry-proto
    #   pymilvus
pycparser==3.0
    # via cffi
pydantic==2.13.4
    # via
    #   fastapi
    #   langchain
    #   langchain-aws
    #   langchain-classic
    #   langchain-core
    #   langgraph
    #   langsmith
    #   litellm
    #   mcp
    #   nvidia-nat-atif
    #   nvidia-nat-core
    #   openai
    #   pydantic-settings
pydantic-core==2.46.4
    # via pydantic
pydantic-settings==2.14.1
    # via
    #   langchain-community
    #   mcp
pygments==2.20.0
    # via rich
pyjwt==2.12.1
    # via
    #   mcp
    #   nvidia-nat-core
pymilvus==2.6.14
    # via
    #   langchain-milvus
    #   nvidia-nat-core
python-dateutil==2.9.0.post0
    # via
    #   aiobotocore
    #   botocore
    #   pandas
python-dotenv==1.2.2
    # via
    #   litellm
    #   nvidia-nat-core
    #   pydantic-settings
    #   pymilvus
    #   uvicorn
python-multipart==0.0.29
    # via
    #   mcp
    #   nvidia-nat-core
pytz==2026.2
    # via pandas
pyyaml==6.0.3
    # via
    #   huggingface-hub
    #   langchain-classic
    #   langchain-community
    #   langchain-core
    #   nvidia-nat-core
    #   omegaconf
    #   optuna
    #   uvicorn
referencing==0.37.0
    # via
    #   jsonschema
    #   jsonschema-specifications
regex==2026.5.9
    # via tiktoken
requests==2.34.2
    # via
    #   huggingface-hub
    #   langchain-classic
    #   langchain-community
    #   langchain-nvidia-ai-endpoints
    #   langchain-tavily
    #   langsmith
    #   opentelemetry-exporter-otlp-proto-http
    #   pymilvus
    #   requests-toolbelt
    #   tiktoken
    #   wikipedia
requests-toolbelt==1.0.0
    # via langsmith
rich==14.3.4
    # via
    #   nvidia-nat-core
    #   openevals
rpds-py==0.30.0
    # via
    #   jsonschema
    #   referencing
s3transfer==0.14.0
    # via boto3
setuptools==82.0.1
    # via pymilvus
six==1.17.0
    # via python-dateutil
sniffio==1.3.1
    # via openai
soupsieve==2.8.3
    # via beautifulsoup4
sqlalchemy==2.0.49
    # via
    #   alembic
    #   langchain-classic
    #   langchain-community
    #   optuna
sse-starlette==3.4.4
    # via mcp
starlette==0.52.1
    # via
    #   fastapi
    #   mcp
    #   nvidia-nat-core
    #   sse-starlette
tabulate==0.10.0
    # via nvidia-nat-core
tenacity==9.1.4
    # via
    #   langchain-community
    #   langchain-core
tiktoken==0.13.0
    # via
    #   langchain-openai
    #   litellm
tokenizers==0.23.1
    # via
    #   langchain-huggingface
    #   litellm
tqdm==4.67.3
    # via
    #   huggingface-hub
    #   openai
    #   optuna
typing-extensions==4.15.0
    # via
    #   aiosignal
    #   alembic
    #   anyio
    #   beautifulsoup4
    #   fastapi
    #   grpcio
    #   huggingface-hub
    #   langchain-core
    #   langchain-protocol
    #   mcp
    #   openai
    #   opentelemetry-api
    #   opentelemetry-exporter-otlp-proto-grpc
    #   opentelemetry-exporter-otlp-proto-http
    #   opentelemetry-sdk
    #   opentelemetry-semantic-conventions
    #   pydantic
    #   pydantic-core
    #   referencing
    #   sqlalchemy
    #   starlette
    #   typing-inspect
    #   typing-inspection
typing-inspect==0.9.0
    # via dataclasses-json
typing-inspection==0.4.2
    # via
    #   fastapi
    #   mcp
    #   pydantic
    #   pydantic-settings
tzdata==2026.2
    # via pandas
tzlocal==5.3.1
    # via nvidia-nat-core
urllib3==2.7.0
    # via
    #   botocore
    #   nvidia-nat-core
    #   requests
uuid-utils==0.15.0
    # via
    #   langchain-core
    #   langsmith
uvicorn==0.47.0
    # via
    #   mcp
    #   nvidia-nat-core
uvloop==0.22.1
    # via uvicorn
watchfiles==1.2.0
    # via uvicorn
websockets==16.0
    # via uvicorn
werkzeug==3.1.8
    # via flask
wikipedia==1.4.0
    # via nvidia-nat-core
wrapt==1.17.3
    # via aiobotocore
xxhash==3.7.0
    # via
    #   langgraph
    #   langsmith
yarl==1.23.0
    # via aiohttp
zipp==3.23.1
    # via importlib-metadata
zstandard==0.25.0
    # via langsmith
